
Microsoft Visual Studio Solution File, Format Version 12.00
# Visual Studio Version 17
VisualStudioVersion = 17.11.35327.3
MinimumVisualStudioVersion = 10.0.40219.1
Project("{9A19103F-16F7-4668-BE54-9A1E7A4F7556}") = "CookBook", "CookBook\CookBook.csproj", "{B5395864-3BE1-45AF-9DF8-ABBCED012EB2}"
EndProject
Project("{9A19103F-16F7-4668-BE54-9A1E7A4F7556}") = "DomainModel", "DomainModel\DomainModel.csproj", "{6A3E0F7F-96D7-40EE-BFB8-7D8ACEFFC610}"
EndProject
Project("{FAE04EC0-301F-11D3-BF4B-00C04F79EFBC}") = "DataAccessLayer", "DataAccessLayer\DataAccessLayer.csproj", "{40B2BFC2-6F81-42F1-9378-B9C70C312B5E}"
EndProject
Global
	GlobalSection(SolutionConfigurationPlatforms) = preSolution
		Debug|Any CPU = Debug|Any CPU
		Release|Any CPU = Release|Any CPU
	EndGlobalSection
	GlobalSection(ProjectConfigurationPlatforms) = postSolution
		{B5395864-3BE1-45AF-9DF8-ABBCED012EB2}.Debug|Any CPU.ActiveCfg = Debug|Any CPU
		{B5395864-3BE1-45AF-9DF8-ABBCED012EB2}.Debug|Any CPU.Build.0 = Debug|Any CPU
		{B5395864-3BE1-45AF-9DF8-ABBCED012EB2}.Release|Any CPU.ActiveCfg = Release|Any CPU
		{B5395864-3BE1-45AF-9DF8-ABBCED012EB2}.Release|Any CPU.Build.0 = Release|Any CPU
		{6A3E0F7F-96D7-40EE-BFB8-7D8ACEFFC610}.Debug|Any CPU.ActiveCfg = Debug|Any CPU
		{6A3E0F7F-96D7-40EE-BFB8-7D8ACEFFC610}.Debug|Any CPU.Build.0 = Debug|Any CPU
		{6A3E0F7F-96D7-40EE-BFB8-7D8ACEFFC610}.Release|Any CPU.ActiveCfg = Release|Any CPU
		{6A3E0F7F-96D7-40EE-BFB8-7D8ACEFFC610}.Release|Any CPU.Build.0 = Release|Any CPU
		{40B2BFC2-6F81-42F1-9378-B9C70C312B5E}.Debug|Any CPU.ActiveCfg = Debug|Any CPU
		{40B2BFC2-6F81-42F1-9378-B9C70C312B5E}.Debug|Any CPU.Build.0 = Debug|Any CPU
		{40B2BFC2-6F81-42F1-9378-B9C70C312B5E}.Release|Any CPU.ActiveCfg = Release|Any CPU
		{40B2BFC2-6F81-42F1-9378-B9C70C312B5E}.Release|Any CPU.Build.0 = Release|Any CPU
	EndGlobalSection
	GlobalSection(SolutionProperties) = preSolution
		HideSolutionNode = FALSE
	EndGlobalSection
	GlobalSection(ExtensibilityGlobals) = postSolution
		SolutionGuid = {86B6943A-4E76-431A-9712-39194BE9DCE7}
	EndGlobalSection
EndGlobal
